// !$*UTF8*$!
{
	archiveVersion = 1;
	classes = {
	};
	objectVersion = 56;
	objects = {

/* Begin PBXBuildFile section */
		6FE960FE29600F20003DD74D /* HelloWasm3IOS.swift in Sources */ = {isa = PBXBuildFile; fileRef = 6FE960FD29600F20003DD74D /* HelloWasm3IOS.swift */; };
		6FE9610029600F20003DD74D /* ContentView.swift in Sources */ = {isa = PBXBuildFile; fileRef = 6FE960FF29600F20003DD74D /* ContentView.swift */; };
		6FE9610229600F22003DD74D /* Assets.xcassets in Resources */ = {isa = PBXBuildFile; fileRef = 6FE9610129600F22003DD74D /* Assets.xcassets */; };
		6FE9610529600F22003DD74D /* Preview Assets.xcassets in Resources */ = {isa = PBXBuildFile; fileRef = 6FE9610429600F22003DD74D /* Preview Assets.xcassets */; };
		6FE9611929605F0A003DD74D /* m3_function.c in Sources */ = {isa = PBXBuildFile; fileRef = 6FE9611329605F0A003DD74D /* m3_function.c */; };
		6FE9611A29605F0A003DD74D /* m3_info.c in Sources */ = {isa = PBXBuildFile; fileRef = 6FE9611429605F0A003DD74D /* m3_info.c */; };
		6FE9611B29605F0A003DD74D /* m3_module.c in Sources */ = {isa = PBXBuildFile; fileRef = 6FE9611629605F0A003DD74D /* m3_module.c */; };
		6FE9611C29605F0A003DD74D /* m3_parse.c in Sources */ = {isa = PBXBuildFile; fileRef = 6FE9611729605F0A003DD74D /* m3_parse.c */; };
		6FE9611F29605F2F003DD74D /* m3_api_wasi.c in Sources */ = {isa = PBXBuildFile; fileRef = 6FE9611D29605F2F003DD74D /* m3_api_wasi.c */; };
		6FE9612329605F4A003DD74D /* m3_api_meta_wasi.c in Sources */ = {isa = PBXBuildFile; fileRef = 6FE9612029605F4A003DD74D /* m3_api_meta_wasi.c */; };
		6FE9612429605F4A003DD74D /* m3_api_libc.c in Sources */ = {isa = PBXBuildFile; fileRef = 6FE9612229605F4A003DD74D /* m3_api_libc.c */; };
		6FE9613529605F88003DD74D /* m3_core.c in Sources */ = {isa = PBXBuildFile; fileRef = 6FE9612529605F88003DD74D /* m3_core.c */; };
		6FE9613629605F88003DD74D /* m3_bind.c in Sources */ = {isa = PBXBuildFile; fileRef = 6FE9612629605F88003DD74D /* m3_bind.c */; };
		6FE9613729605F88003DD74D /* m3_exec.c in Sources */ = {isa = PBXBuildFile; fileRef = 6FE9612B29605F88003DD74D /* m3_exec.c */; };
		6FE9613829605F88003DD74D /* m3_code.c in Sources */ = {isa = PBXBuildFile; fileRef = 6FE9612C29605F88003DD74D /* m3_code.c */; };
		6FE9613929605F88003DD74D /* m3_env.c in Sources */ = {isa = PBXBuildFile; fileRef = 6FE9612D29605F88003DD74D /* m3_env.c */; };
		6FE9613A29605F88003DD74D /* m3_compile.c in Sources */ = {isa = PBXBuildFile; fileRef = 6FE9613029605F88003DD74D /* m3_compile.c */; };
		6FE9613F29606068003DD74D /* wasm.c in Sources */ = {isa = PBXBuildFile; fileRef = 6FE9613E29606068003DD74D /* wasm.c */; };
		6FE9614229615DC6003DD74D /* helloworld_bg.wasm in Resources */ = {isa = PBXBuildFile; fileRef = 6FE9614129615DC6003DD74D /* helloworld_bg.wasm */; };
		6FE96144296164A1003DD74D /* WasmBridge.swift in Sources */ = {isa = PBXBuildFile; fileRef = 6FE96143296164A1003DD74D /* WasmBridge.swift */; };
/* End PBXBuildFile section */

/* Begin PBXFileReference section */
		6FE960FA29600F20003DD74D /* hello-wasm3-ios.app */ = {isa = PBXFileReference; explicitFileType = wrapper.application; includeInIndex = 0; path = "hello-wasm3-ios.app"; sourceTree = BUILT_PRODUCTS_DIR; };
		6FE960FD29600F20003DD74D /* HelloWasm3IOS.swift */ = {isa = PBXFileReference; lastKnownFileType = sourcecode.swift; path = HelloWasm3IOS.swift; sourceTree = "<group>"; };
		6FE960FF29600F20003DD74D /* ContentView.swift */ = {isa = PBXFileReference; lastKnownFileType = sourcecode.swift; path = ContentView.swift; sourceTree = "<group>"; };
		6FE9610129600F22003DD74D /* Assets.xcassets */ = {isa = PBXFileReference; lastKnownFileType = folder.assetcatalog; path = Assets.xcassets; sourceTree = "<group>"; };
		6FE9610429600F22003DD74D /* Preview Assets.xcassets */ = {isa = PBXFileReference; lastKnownFileType = folder.assetcatalog; path = "Preview Assets.xcassets"; sourceTree = "<group>"; };
		6FE9611029605E24003DD74D /* wasm3.h */ = {isa = PBXFileReference; fileEncoding = 4; lastKnownFileType = sourcecode.c.h; name = wasm3.h; path = ../../../libs/wasm3/source/wasm3.h; sourceTree = "<group>"; };
		6FE9611229605F0A003DD74D /* m3_info.h */ = {isa = PBXFileReference; fileEncoding = 4; lastKnownFileType = sourcecode.c.h; name = m3_info.h; path = ../../../libs/wasm3/source/m3_info.h; sourceTree = "<group>"; };
		6FE9611329605F0A003DD74D /* m3_function.c */ = {isa = PBXFileReference; fileEncoding = 4; lastKnownFileType = sourcecode.c.c; name = m3_function.c; path = ../../../libs/wasm3/source/m3_function.c; sourceTree = "<group>"; };
		6FE9611429605F0A003DD74D /* m3_info.c */ = {isa = PBXFileReference; fileEncoding = 4; lastKnownFileType = sourcecode.c.c; name = m3_info.c; path = ../../../libs/wasm3/source/m3_info.c; sourceTree = "<group>"; };
		6FE9611529605F0A003DD74D /* m3_math_utils.h */ = {isa = PBXFileReference; fileEncoding = 4; lastKnownFileType = sourcecode.c.h; name = m3_math_utils.h; path = ../../../libs/wasm3/source/m3_math_utils.h; sourceTree = "<group>"; };
		6FE9611629605F0A003DD74D /* m3_module.c */ = {isa = PBXFileReference; fileEncoding = 4; lastKnownFileType = sourcecode.c.c; name = m3_module.c; path = ../../../libs/wasm3/source/m3_module.c; sourceTree = "<group>"; };
		6FE9611729605F0A003DD74D /* m3_parse.c */ = {isa = PBXFileReference; fileEncoding = 4; lastKnownFileType = sourcecode.c.c; name = m3_parse.c; path = ../../../libs/wasm3/source/m3_parse.c; sourceTree = "<group>"; };
		6FE9611829605F0A003DD74D /* m3_function.h */ = {isa = PBXFileReference; fileEncoding = 4; lastKnownFileType = sourcecode.c.h; name = m3_function.h; path = ../../../libs/wasm3/source/m3_function.h; sourceTree = "<group>"; };
		6FE9611D29605F2F003DD74D /* m3_api_wasi.c */ = {isa = PBXFileReference; fileEncoding = 4; lastKnownFileType = sourcecode.c.c; name = m3_api_wasi.c; path = ../../../libs/wasm3/source/m3_api_wasi.c; sourceTree = "<group>"; };
		6FE9611E29605F2F003DD74D /* m3_api_wasi.h */ = {isa = PBXFileReference; fileEncoding = 4; lastKnownFileType = sourcecode.c.h; name = m3_api_wasi.h; path = ../../../libs/wasm3/source/m3_api_wasi.h; sourceTree = "<group>"; };
		6FE9612029605F4A003DD74D /* m3_api_meta_wasi.c */ = {isa = PBXFileReference; fileEncoding = 4; lastKnownFileType = sourcecode.c.c; name = m3_api_meta_wasi.c; path = ../../../libs/wasm3/source/m3_api_meta_wasi.c; sourceTree = "<group>"; };
		6FE9612129605F4A003DD74D /* m3_api_libc.h */ = {isa = PBXFileReference; fileEncoding = 4; lastKnownFileType = sourcecode.c.h; name = m3_api_libc.h; path = ../../../libs/wasm3/source/m3_api_libc.h; sourceTree = "<group>"; };
		6FE9612229605F4A003DD74D /* m3_api_libc.c */ = {isa = PBXFileReference; fileEncoding = 4; lastKnownFileType = sourcecode.c.c; name = m3_api_libc.c; path = ../../../libs/wasm3/source/m3_api_libc.c; sourceTree = "<group>"; };
		6FE9612529605F88003DD74D /* m3_core.c */ = {isa = PBXFileReference; fileEncoding = 4; lastKnownFileType = sourcecode.c.c; name = m3_core.c; path = ../../../libs/wasm3/source/m3_core.c; sourceTree = "<group>"; };
		6FE9612629605F88003DD74D /* m3_bind.c */ = {isa = PBXFileReference; fileEncoding = 4; lastKnownFileType = sourcecode.c.c; name = m3_bind.c; path = ../../../libs/wasm3/source/m3_bind.c; sourceTree = "<group>"; };
		6FE9612729605F88003DD74D /* m3_config.h */ = {isa = PBXFileReference; fileEncoding = 4; lastKnownFileType = sourcecode.c.h; name = m3_config.h; path = ../../../libs/wasm3/source/m3_config.h; sourceTree = "<group>"; };
		6FE9612829605F88003DD74D /* m3_compile.h */ = {isa = PBXFileReference; fileEncoding = 4; lastKnownFileType = sourcecode.c.h; name = m3_compile.h; path = ../../../libs/wasm3/source/m3_compile.h; sourceTree = "<group>"; };
		6FE9612929605F88003DD74D /* m3_bind.h */ = {isa = PBXFileReference; fileEncoding = 4; lastKnownFileType = sourcecode.c.h; name = m3_bind.h; path = ../../../libs/wasm3/source/m3_bind.h; sourceTree = "<group>"; };
		6FE9612A29605F88003DD74D /* m3_code.h */ = {isa = PBXFileReference; fileEncoding = 4; lastKnownFileType = sourcecode.c.h; name = m3_code.h; path = ../../../libs/wasm3/source/m3_code.h; sourceTree = "<group>"; };
		6FE9612B29605F88003DD74D /* m3_exec.c */ = {isa = PBXFileReference; fileEncoding = 4; lastKnownFileType = sourcecode.c.c; name = m3_exec.c; path = ../../../libs/wasm3/source/m3_exec.c; sourceTree = "<group>"; };
		6FE9612C29605F88003DD74D /* m3_code.c */ = {isa = PBXFileReference; fileEncoding = 4; lastKnownFileType = sourcecode.c.c; name = m3_code.c; path = ../../../libs/wasm3/source/m3_code.c; sourceTree = "<group>"; };
		6FE9612D29605F88003DD74D /* m3_env.c */ = {isa = PBXFileReference; fileEncoding = 4; lastKnownFileType = sourcecode.c.c; name = m3_env.c; path = ../../../libs/wasm3/source/m3_env.c; sourceTree = "<group>"; };
		6FE9612E29605F88003DD74D /* m3_env.h */ = {isa = PBXFileReference; fileEncoding = 4; lastKnownFileType = sourcecode.c.h; name = m3_env.h; path = ../../../libs/wasm3/source/m3_env.h; sourceTree = "<group>"; };
		6FE9612F29605F88003DD74D /* m3_config_platforms.h */ = {isa = PBXFileReference; fileEncoding = 4; lastKnownFileType = sourcecode.c.h; name = m3_config_platforms.h; path = ../../../libs/wasm3/source/m3_config_platforms.h; sourceTree = "<group>"; };
		6FE9613029605F88003DD74D /* m3_compile.c */ = {isa = PBXFileReference; fileEncoding = 4; lastKnownFileType = sourcecode.c.c; name = m3_compile.c; path = ../../../libs/wasm3/source/m3_compile.c; sourceTree = "<group>"; };
		6FE9613129605F88003DD74D /* m3_exception.h */ = {isa = PBXFileReference; fileEncoding = 4; lastKnownFileType = sourcecode.c.h; name = m3_exception.h; path = ../../../libs/wasm3/source/m3_exception.h; sourceTree = "<group>"; };
		6FE9613229605F88003DD74D /* m3_exec.h */ = {isa = PBXFileReference; fileEncoding = 4; lastKnownFileType = sourcecode.c.h; name = m3_exec.h; path = ../../../libs/wasm3/source/m3_exec.h; sourceTree = "<group>"; };
		6FE9613329605F88003DD74D /* m3_exec_defs.h */ = {isa = PBXFileReference; fileEncoding = 4; lastKnownFileType = sourcecode.c.h; name = m3_exec_defs.h; path = ../../../libs/wasm3/source/m3_exec_defs.h; sourceTree = "<group>"; };
		6FE9613429605F88003DD74D /* m3_core.h */ = {isa = PBXFileReference; fileEncoding = 4; lastKnownFileType = sourcecode.c.h; name = m3_core.h; path = ../../../libs/wasm3/source/m3_core.h; sourceTree = "<group>"; };
		6FE9613D29606068003DD74D /* wasm.h */ = {isa = PBXFileReference; lastKnownFileType = sourcecode.c.h; path = wasm.h; sourceTree = "<group>"; };
		6FE9613E29606068003DD74D /* wasm.c */ = {isa = PBXFileReference; lastKnownFileType = sourcecode.c.c; path = wasm.c; sourceTree = "<group>"; };
		6FE9614029613E8A003DD74D /* Bridging-Header.h */ = {isa = PBXFileReference; fileEncoding = 4; lastKnownFileType = sourcecode.c.h; path = "Bridging-Header.h"; sourceTree = "<group>"; };
		6FE9614129615DC6003DD74D /* helloworld_bg.wasm */ = {isa = PBXFileReference; lastKnownFileType = file; name = helloworld_bg.wasm; path = ../../../wasm/pkg/helloworld_bg.wasm; sourceTree = "<group>"; };
		6FE96143296164A1003DD74D /* WasmBridge.swift */ = {isa = PBXFileReference; lastKnownFileType = sourcecode.swift; path = WasmBridge.swift; sourceTree = "<group>"; };
/* End PBXFileReference section */

/* Begin PBXFrameworksBuildPhase section */
		6FE960F729600F20003DD74D /* Frameworks */ = {
			isa = PBXFrameworksBuildPhase;
			buildActionMask = 2147483647;
			files = (
			);
			runOnlyForDeploymentPostprocessing = 0;
		};
/* End PBXFrameworksBuildPhase section */

/* Begin PBXGroup section */
		6FE960F129600F20003DD74D = {
			isa = PBXGroup;
			children = (
				6FE960FC29600F20003DD74D /* hello-wasm3-ios */,
				6FE960FB29600F20003DD74D /* Products */,
			);
			sourceTree = "<group>";
		};
		6FE960FB29600F20003DD74D /* Products */ = {
			isa = PBXGroup;
			children = (
				6FE960FA29600F20003DD74D /* hello-wasm3-ios.app */,
			);
			name = Products;
			sourceTree = "<group>";
		};
		6FE960FC29600F20003DD74D /* hello-wasm3-ios */ = {
			isa = PBXGroup;
			children = (
				6FE9614129615DC6003DD74D /* helloworld_bg.wasm */,
				6FE9614029613E8A003DD74D /* Bridging-Header.h */,
				6FE9610F29605E09003DD74D /* wasm3 */,
				6FE960FD29600F20003DD74D /* HelloWasm3IOS.swift */,
				6FE960FF29600F20003DD74D /* ContentView.swift */,
				6FE9610129600F22003DD74D /* Assets.xcassets */,
				6FE9610329600F22003DD74D /* Preview Content */,
				6FE9613D29606068003DD74D /* wasm.h */,
				6FE9613E29606068003DD74D /* wasm.c */,
				6FE96143296164A1003DD74D /* WasmBridge.swift */,
			);
			path = "hello-wasm3-ios";
			sourceTree = "<group>";
		};
		6FE9610329600F22003DD74D /* Preview Content */ = {
			isa = PBXGroup;
			children = (
				6FE9610429600F22003DD74D /* Preview Assets.xcassets */,
			);
			path = "Preview Content";
			sourceTree = "<group>";
		};
		6FE9610F29605E09003DD74D /* wasm3 */ = {
			isa = PBXGroup;
			children = (
				6FE9612629605F88003DD74D /* m3_bind.c */,
				6FE9612929605F88003DD74D /* m3_bind.h */,
				6FE9612C29605F88003DD74D /* m3_code.c */,
				6FE9612A29605F88003DD74D /* m3_code.h */,
				6FE9613029605F88003DD74D /* m3_compile.c */,
				6FE9612829605F88003DD74D /* m3_compile.h */,
				6FE9612F29605F88003DD74D /* m3_config_platforms.h */,
				6FE9612729605F88003DD74D /* m3_config.h */,
				6FE9612529605F88003DD74D /* m3_core.c */,
				6FE9613429605F88003DD74D /* m3_core.h */,
				6FE9612D29605F88003DD74D /* m3_env.c */,
				6FE9612E29605F88003DD74D /* m3_env.h */,
				6FE9613129605F88003DD74D /* m3_exception.h */,
				6FE9613329605F88003DD74D /* m3_exec_defs.h */,
				6FE9612B29605F88003DD74D /* m3_exec.c */,
				6FE9613229605F88003DD74D /* m3_exec.h */,
				6FE9612229605F4A003DD74D /* m3_api_libc.c */,
				6FE9612129605F4A003DD74D /* m3_api_libc.h */,
				6FE9612029605F4A003DD74D /* m3_api_meta_wasi.c */,
				6FE9611D29605F2F003DD74D /* m3_api_wasi.c */,
				6FE9611E29605F2F003DD74D /* m3_api_wasi.h */,
				6FE9611329605F0A003DD74D /* m3_function.c */,
				6FE9611829605F0A003DD74D /* m3_function.h */,
				6FE9611429605F0A003DD74D /* m3_info.c */,
				6FE9611229605F0A003DD74D /* m3_info.h */,
				6FE9611529605F0A003DD74D /* m3_math_utils.h */,
				6FE9611629605F0A003DD74D /* m3_module.c */,
				6FE9611729605F0A003DD74D /* m3_parse.c */,
				6FE9611029605E24003DD74D /* wasm3.h */,
			);
			name = wasm3;
			sourceTree = "<group>";
		};
/* End PBXGroup section */

/* Begin PBXNativeTarget section */
		6FE960F929600F20003DD74D /* hello-wasm3-ios */ = {
			isa = PBXNativeTarget;
			buildConfigurationList = 6FE9610829600F22003DD74D /* Build configuration list for PBXNativeTarget "hello-wasm3-ios" */;
			buildPhases = (
				6FE960F629600F20003DD74D /* Sources */,
				6FE960F729600F20003DD74D /* Frameworks */,
				6FE960F829600F20003DD74D /* Resources */,
			);
			buildRules = (
			);
			dependencies = (
			);
			name = "hello-wasm3-ios";
			productName = "hello-wasm3-ios";
			productReference = 6FE960FA29600F20003DD74D /* hello-wasm3-ios.app */;
			productType = "com.apple.product-type.application";
		};
/* End PBXNativeTarget section */

/* Begin PBXProject section */
		6FE960F229600F20003DD74D /* Project object */ = {
			isa = PBXProject;
			attributes = {
				BuildIndependentTargetsInParallel = 1;
				LastSwiftUpdateCheck = 1420;
				LastUpgradeCheck = 1420;
				TargetAttributes = {
					6FE960F929600F20003DD74D = {
						CreatedOnToolsVersion = 14.2;
						LastSwiftMigration = 1420;
					};
				};
			};
			buildConfigurationList = 6FE960F529600F20003DD74D /* Build configuration list for PBXProject "hello-wasm3-ios" */;
			compatibilityVersion = "Xcode 14.0";
			developmentRegion = en;
			hasScannedForEncodings = 0;
			knownRegions = (
				en,
				Base,
			);
			mainGroup = 6FE960F129600F20003DD74D;
			productRefGroup = 6FE960FB29600F20003DD74D /* Products */;
			projectDirPath = "";
			projectRoot = "";
			targets = (
				6FE960F929600F20003DD74D /* hello-wasm3-ios */,
			);
		};
/* End PBXProject section */

/* Begin PBXResourcesBuildPhase section */
		6FE960F829600F20003DD74D /* Resources */ = {
			isa = PBXResourcesBuildPhase;
			buildActionMask = 2147483647;
			files = (
				6FE9610529600F22003DD74D /* Preview Assets.xcassets in Resources */,
				6FE9614229615DC6003DD74D /* helloworld_bg.wasm in Resources */,
				6FE9610229600F22003DD74D /* Assets.xcassets in Resources */,
			);
			runOnlyForDeploymentPostprocessing = 0;
		};
/* End PBXResourcesBuildPhase section */

/* Begin PBXSourcesBuildPhase section */
		6FE960F629600F20003DD74D /* Sources */ = {
			isa = PBXSourcesBuildPhase;
			buildActionMask = 2147483647;
			files = (
				6FE9613829605F88003DD74D /* m3_code.c in Sources */,
				6FE9612429605F4A003DD74D /* m3_api_libc.c in Sources */,
				6FE9611F29605F2F003DD74D /* m3_api_wasi.c in Sources */,
				6FE9613F29606068003DD74D /* wasm.c in Sources */,
				6FE9613629605F88003DD74D /* m3_bind.c in Sources */,
				6FE9613529605F88003DD74D /* m3_core.c in Sources */,
				6FE9611929605F0A003DD74D /* m3_function.c in Sources */,
				6FE9611A29605F0A003DD74D /* m3_info.c in Sources */,
				6FE9610029600F20003DD74D /* ContentView.swift in Sources */,
				6FE9611C29605F0A003DD74D /* m3_parse.c in Sources */,
				6FE96144296164A1003DD74D /* WasmBridge.swift in Sources */,
				6FE9613929605F88003DD74D /* m3_env.c in Sources */,
				6FE9612329605F4A003DD74D /* m3_api_meta_wasi.c in Sources */,
				6FE960FE29600F20003DD74D /* HelloWasm3IOS.swift in Sources */,
				6FE9613729605F88003DD74D /* m3_exec.c in Sources */,
				6FE9613A29605F88003DD74D /* m3_compile.c in Sources */,
				6FE9611B29605F0A003DD74D /* m3_module.c in Sources */,
			);
			runOnlyForDeploymentPostprocessing = 0;
		};
/* End PBXSourcesBuildPhase section */

/* Begin XCBuildConfiguration section */
		6FE9610629600F22003DD74D /* Debug */ = {
			isa = XCBuildConfiguration;
			buildSettings = {
				ALWAYS_SEARCH_USER_PATHS = NO;
				CLANG_ANALYZER_NONNULL = YES;
				CLANG_ANALYZER_NUMBER_OBJECT_CONVERSION = YES_AGGRESSIVE;
				CLANG_CXX_LANGUAGE_STANDARD = "gnu++20";
				CLANG_ENABLE_MODULES = YES;
				CLANG_ENABLE_OBJC_ARC = YES;
				CLANG_ENABLE_OBJC_WEAK = YES;
				CLANG_WARN_BLOCK_CAPTURE_AUTORELEASING = YES;
				CLANG_WARN_BOOL_CONVERSION = YES;
				CLANG_WARN_COMMA = YES;
				CLANG_WARN_CONSTANT_CONVERSION = YES;
				CLANG_WARN_DEPRECATED_OBJC_IMPLEMENTATIONS = YES;
				CLANG_WARN_DIRECT_OBJC_ISA_USAGE = YES_ERROR;
				CLANG_WARN_DOCUMENTATION_COMMENTS = YES;
				CLANG_WARN_EMPTY_BODY = YES;
				CLANG_WARN_ENUM_CONVERSION = YES;
				CLANG_WARN_INFINITE_RECURSION = YES;
				CLANG_WARN_INT_CONVERSION = YES;
				CLANG_WARN_NON_LITERAL_NULL_CONVERSION = YES;
				CLANG_WARN_OBJC_IMPLICIT_RETAIN_SELF = YES;
				CLANG_WARN_OBJC_LITERAL_CONVERSION = YES;
				CLANG_WARN_OBJC_ROOT_CLASS = YES_ERROR;
				CLANG_WARN_QUOTED_INCLUDE_IN_FRAMEWORK_HEADER = YES;
				CLANG_WARN_RANGE_LOOP_ANALYSIS = YES;
				CLANG_WARN_STRICT_PROTOTYPES = YES;
				CLANG_WARN_SUSPICIOUS_MOVE = YES;
				CLANG_WARN_UNGUARDED_AVAILABILITY = YES_AGGRESSIVE;
				CLANG_WARN_UNREACHABLE_CODE = YES;
				CLANG_WARN__DUPLICATE_METHOD_MATCH = YES;
				COPY_PHASE_STRIP = NO;
				DEBUG_INFORMATION_FORMAT = dwarf;
				ENABLE_STRICT_OBJC_MSGSEND = YES;
				ENABLE_TESTABILITY = YES;
				GCC_C_LANGUAGE_STANDARD = gnu11;
				GCC_DYNAMIC_NO_PIC = NO;
				GCC_NO_COMMON_BLOCKS = YES;
				GCC_OPTIMIZATION_LEVEL = 0;
				GCC_PREPROCESSOR_DEFINITIONS = (
					"DEBUG=1",
					"$(inherited)",
				);
				GCC_WARN_64_TO_32_BIT_CONVERSION = YES;
				GCC_WARN_ABOUT_RETURN_TYPE = YES_ERROR;
				GCC_WARN_UNDECLARED_SELECTOR = YES;
				GCC_WARN_UNINITIALIZED_AUTOS = YES_AGGRESSIVE;
				GCC_WARN_UNUSED_FUNCTION = YES;
				GCC_WARN_UNUSED_VARIABLE = YES;
				IPHONEOS_DEPLOYMENT_TARGET = 16.2;
				MTL_ENABLE_DEBUG_INFO = INCLUDE_SOURCE;
				MTL_FAST_MATH = YES;
				ONLY_ACTIVE_ARCH = YES;
				SDKROOT = iphoneos;
				SWIFT_ACTIVE_COMPILATION_CONDITIONS = DEBUG;
				SWIFT_OPTIMIZATION_LEVEL = "-Onone";
			};
			name = Debug;
		};
		6FE9610729600F22003DD74D /* Release */ = {
			isa = XCBuildConfiguration;
			buildSettings = {
				ALWAYS_SEARCH_USER_PATHS = NO;
				CLANG_ANALYZER_NONNULL = YES;
				CLANG_ANALYZER_NUMBER_OBJECT_CONVERSION = YES_AGGRESSIVE;
				CLANG_CXX_LANGUAGE_STANDARD = "gnu++20";
				CLANG_ENABLE_MODULES = YES;
				CLANG_ENABLE_OBJC_ARC = YES;
				CLANG_ENABLE_OBJC_WEAK = YES;
				CLANG_WARN_BLOCK_CAPTURE_AUTORELEASING = YES;
				CLANG_WARN_BOOL_CONVERSION = YES;
				CLANG_WARN_COMMA = YES;
				CLANG_WARN_CONSTANT_CONVERSION = YES;
				CLANG_WARN_DEPRECATED_OBJC_IMPLEMENTATIONS = YES;
				CLANG_WARN_DIRECT_OBJC_ISA_USAGE = YES_ERROR;
				CLANG_WARN_DOCUMENTATION_COMMENTS = YES;
				CLANG_WARN_EMPTY_BODY = YES;
				CLANG_WARN_ENUM_CONVERSION = YES;
				CLANG_WARN_INFINITE_RECURSION = YES;
				CLANG_WARN_INT_CONVERSION = YES;
				CLANG_WARN_NON_LITERAL_NULL_CONVERSION = YES;
				CLANG_WARN_OBJC_IMPLICIT_RETAIN_SELF = YES;
				CLANG_WARN_OBJC_LITERAL_CONVERSION = YES;
				CLANG_WARN_OBJC_ROOT_CLASS = YES_ERROR;
				CLANG_WARN_QUOTED_INCLUDE_IN_FRAMEWORK_HEADER = YES;
				CLANG_WARN_RANGE_LOOP_ANALYSIS = YES;
				CLANG_WARN_STRICT_PROTOTYPES = YES;
				CLANG_WARN_SUSPICIOUS_MOVE = YES;
				CLANG_WARN_UNGUARDED_AVAILABILITY = YES_AGGRESSIVE;
				CLANG_WARN_UNREACHABLE_CODE = YES;
				CLANG_WARN__DUPLICATE_METHOD_MATCH = YES;
				COPY_PHASE_STRIP = NO;
				DEBUG_INFORMATION_FORMAT = "dwarf-with-dsym";
				ENABLE_NS_ASSERTIONS = NO;
				ENABLE_STRICT_OBJC_MSGSEND = YES;
				GCC_C_LANGUAGE_STANDARD = gnu11;
				GCC_NO_COMMON_BLOCKS = YES;
				GCC_WARN_64_TO_32_BIT_CONVERSION = YES;
				GCC_WARN_ABOUT_RETURN_TYPE = YES_ERROR;
				GCC_WARN_UNDECLARED_SELECTOR = YES;
				GCC_WARN_UNINITIALIZED_AUTOS = YES_AGGRESSIVE;
				GCC_WARN_UNUSED_FUNCTION = YES;
				GCC_WARN_UNUSED_VARIABLE = YES;
				IPHONEOS_DEPLOYMENT_TARGET = 16.2;
				MTL_ENABLE_DEBUG_INFO = NO;
				MTL_FAST_MATH = YES;
				SDKROOT = iphoneos;
				SWIFT_COMPILATION_MODE = wholemodule;
				SWIFT_OPTIMIZATION_LEVEL = "-O";
				VALIDATE_PRODUCT = YES;
			};
			name = Release;
		};
		6FE9610929600F22003DD74D /* Debug */ = {
			isa = XCBuildConfiguration;
			buildSettings = {
				ASSETCATALOG_COMPILER_APPICON_NAME = AppIcon;
				ASSETCATALOG_COMPILER_GLOBAL_ACCENT_COLOR_NAME = AccentColor;
				CLANG_ENABLE_MODULES = YES;
				CODE_SIGN_STYLE = Automatic;
				CURRENT_PROJECT_VERSION = 1;
				DEVELOPMENT_ASSET_PATHS = "\"hello-wasm3-ios/Preview Content\"";
				ENABLE_PREVIEWS = YES;
				GENERATE_INFOPLIST_FILE = YES;
				INFOPLIST_KEY_UIApplicationSceneManifest_Generation = YES;
				INFOPLIST_KEY_UIApplicationSupportsIndirectInputEvents = YES;
				INFOPLIST_KEY_UILaunchScreen_Generation = YES;
				INFOPLIST_KEY_UISupportedInterfaceOrientations_iPad = "UIInterfaceOrientationPortrait UIInterfaceOrientationPortraitUpsideDown UIInterfaceOrientationLandscapeLeft UIInterfaceOrientationLandscapeRight";
				INFOPLIST_KEY_UISupportedInterfaceOrientations_iPhone = "UIInterfaceOrientationPortrait UIInterfaceOrientationLandscapeLeft UIInterfaceOrientationLandscapeRight";
				LD_RUNPATH_SEARCH_PATHS = (
					"$(inherited)",
					"@executable_path/Frameworks",
				);
				MARKETING_VERSION = 1.0;
				PRODUCT_BUNDLE_IDENTIFIER = "jp.example.hello-wasm3-ios";
				PRODUCT_NAME = "$(TARGET_NAME)";
				SWIFT_EMIT_LOC_STRINGS = YES;
				SWIFT_OBJC_BRIDGING_HEADER = "hello-wasm3-ios/Bridging-Header.h";
				SWIFT_OPTIMIZATION_LEVEL = "-Onone";
				SWIFT_VERSION = 5.0;
				TARGETED_DEVICE_FAMILY = "1,2";
			};
			name = Debug;
		};
		6FE9610A29600F22003DD74D /* Release */ = {
			isa = XCBuildConfiguration;
			buildSettings = {
				ASSETCATALOG_COMPILER_APPICON_NAME = AppIcon;
				ASSETCATALOG_COMPILER_GLOBAL_ACCENT_COLOR_NAME = AccentColor;
				CLANG_ENABLE_MODULES = YES;
				CODE_SIGN_STYLE = Automatic;
				CURRENT_PROJECT_VERSION = 1;
				DEVELOPMENT_ASSET_PATHS = "\"hello-wasm3-ios/Preview Content\"";
				ENABLE_PREVIEWS = YES;
				GENERATE_INFOPLIST_FILE = YES;
				INFOPLIST_KEY_UIApplicationSceneManifest_Generation = YES;
				INFOPLIST_KEY_UIApplicationSupportsIndirectInputEvents = YES;
				INFOPLIST_KEY_UILaunchScreen_Generation = YES;
				INFOPLIST_KEY_UISupportedInterfaceOrientations_iPad = "UIInterfaceOrientationPortrait UIInterfaceOrientationPortraitUpsideDown UIInterfaceOrientationLandscapeLeft UIInterfaceOrientationLandscapeRight";
				INFOPLIST_KEY_UISupportedInterfaceOrientations_iPhone = "UIInterfaceOrientationPortrait UIInterfaceOrientationLandscapeLeft UIInterfaceOrientationLandscapeRight";
				LD_RUNPATH_SEARCH_PATHS = (
					"$(inherited)",
					"@executable_path/Frameworks",
				);
				MARKETING_VERSION = 1.0;
				PRODUCT_BUNDLE_IDENTIFIER = "jp.example.hello-wasm3-ios";
				PRODUCT_NAME = "$(TARGET_NAME)";
				SWIFT_EMIT_LOC_STRINGS = YES;
				SWIFT_OBJC_BRIDGING_HEADER = "hello-wasm3-ios/Bridging-Header.h";
				SWIFT_VERSION = 5.0;
				TARGETED_DEVICE_FAMILY = "1,2";
			};
			name = Release;
		};
/* End XCBuildConfiguration section */

/* Begin XCConfigurationList section */
		6FE960F529600F20003DD74D /* Build configuration list for PBXProject "hello-wasm3-ios" */ = {
			isa = XCConfigurationList;
			buildConfigurations = (
				6FE9610629600F22003DD74D /* Debug */,
				6FE9610729600F22003DD74D /* Release */,
			);
			defaultConfigurationIsVisible = 0;
			defaultConfigurationName = Release;
		};
		6FE9610829600F22003DD74D /* Build configuration list for PBXNativeTarget "hello-wasm3-ios" */ = {
			isa = XCConfigurationList;
			buildConfigurations = (
				6FE9610929600F22003DD74D /* Debug */,
				6FE9610A29600F22003DD74D /* Release */,
			);
			defaultConfigurationIsVisible = 0;
			defaultConfigurationName = Release;
		};
/* End XCConfigurationList section */
	};
	rootObject = 6FE960F229600F20003DD74D /* Project object */;
}
