# This file is automatically @generated by Cargo.
# It is not intended for manual editing.
version = 3

[[package]]
name = "cc"
version = "1.0.78"
source = "registry+https://github.com/rust-lang/crates.io-index"
checksum = "a20104e2335ce8a659d6dd92a51a767a0c062599c73b343fd152cb401e828c3d"

[[package]]
name = "cty"
version = "0.2.2"
source = "registry+https://github.com/rust-lang/crates.io-index"
checksum = "b365fabc795046672053e29c954733ec3b05e4be654ab130fe8f1f94d7051f35"

[[package]]
name = "hello-wasm3-rust"
version = "0.1.0"
dependencies = [
 "wasm3",
]

[[package]]
name = "shlex"
version = "0.1.1"
source = "registry+https://github.com/rust-lang/crates.io-index"
checksum = "7fdf1b9db47230893d76faad238fd6097fd6d6a9245cd7a4d90dbd639536bbd2"

[[package]]
name = "wasm3"
version = "0.3.1"
source = "registry+https://github.com/rust-lang/crates.io-index"
checksum = "cd7dde97449e99be474a432bbb0b1ab40b8f7ce3e97aa7ac640e9ecd018bbf88"
dependencies = [
 "cty",
 "wasm3-sys",
]

[[package]]
name = "wasm3-sys"
version = "0.3.0"
source = "registry+https://github.com/rust-lang/crates.io-index"
checksum = "5a4e5d10bf1ffe7753275d4bbae3dc135dd2d2decd90e615accf9fef8bc52bab"
dependencies = [
 "cc",
 "cty",
 "shlex",
]
